
Microsoft Visual Studio Solution File, Format Version 12.00
# Visual Studio Version 16
VisualStudioVersion = 16.0.29519.87
MinimumVisualStudioVersion = 10.0.40219.1
Project("{FAE04EC0-301F-11D3-BF4B-00C04F79EFBC}") = "Calculadora", "Calculadora\Calculadora.csproj", "{3EA10ECF-F26E-4083-967B-A23FC0CB0338}"
EndProject
Global
	GlobalSection(SolutionConfigurationPlatforms) = preSolution
		Debug|Any CPU = Debug|Any CPU
		Release|Any CPU = Release|Any CPU
	EndGlobalSection
	GlobalSection(ProjectConfigurationPlatforms) = postSolution
		{3EA10ECF-F26E-4083-967B-A23FC0CB0338}.Debug|Any CPU.ActiveCfg = Debug|Any CPU
		{3EA10ECF-F26E-4083-967B-A23FC0CB0338}.Debug|Any CPU.Build.0 = Debug|Any CPU
		{3EA10ECF-F26E-4083-967B-A23FC0CB0338}.Release|Any CPU.ActiveCfg = Release|Any CPU
		{3EA10ECF-F26E-4083-967B-A23FC0CB0338}.Release|Any CPU.Build.0 = Release|Any CPU
	EndGlobalSection
	GlobalSection(SolutionProperties) = preSolution
		HideSolutionNode = FALSE
	EndGlobalSection
	GlobalSection(ExtensibilityGlobals) = postSolution
		SolutionGuid = {27AC959A-D88B-40A4-A0CD-C5911704AF86}
	EndGlobalSection
EndGlobal
